github.com/google/uuid v1.3.0 h1:t6JiXgmwXMjEs8VusXIJk2BXHsn+wx8BZdTaoZ5fu7I=
github.com/google/uuid v1.3.0/go.mod h1:TIyPZe4MgqvfeYDBFedMoGGpEw/LqOeaOT+nhxU+yHo=
github.com/gorilla/mux v1.8.0 h1:i40aqfkR1h2SlN9hojwV5ZA91wcXFOvkdNIeFDP5koI=
github.com/gorilla/mux v1.8.0/go.mod h1:DVbg23sWSpFRCP0SfiEN6jmj59UnW/n46BH5rLB71So=
github.com/santhosh-tekuri/jsonschema v1.2.4 h1:hNhW8e7t+H1vgY+1QeEQpveR6D4+OwKPXCfD2aieJis=
github.com/santhosh-tekuri/jsonschema v1.2.4/go.mod h1:TEAUOeZSmIxTTuHatJzrvARHiuO9LYd+cIxzgEHCQI4=
github.com/santhosh-tekuri/jsonschema/v5 v5.0.0 h1:TToq11gyfNlrMFZiYujSekIsPd9AmsA2Bj/iv+s4JHE=
github.com/santhosh-tekuri/jsonschema/v5 v5.0.0/go.mod h1:FKdcjfQW6rpZSnxxUvEA5H/cDPdvJ/SZJQLWWXWGrZ0=
